// !$*UTF8*$!
{
	archiveVersion = 1;
	classes = {
	};
	objectVersion = 46;
	objects = {

/* Begin PBXBuildFile section */
		4136DB2A1D59C9AA0030A685 /* predefinedServiceCell.xib in Resources */ = {isa = PBXBuildFile; fileRef = 4136DB221D59C9AA0030A685 /* predefinedServiceCell.xib */; };
		4136DB2B1D59C9AA0030A685 /* WorkingOnServiceCell.xib in Resources */ = {isa = PBXBuildFile; fileRef = 4136DB231D59C9AA0030A685 /* WorkingOnServiceCell.xib */; };
		4136DB2C1D59C9AA0030A685 /* Main.storyboard in Resources */ = {isa = PBXBuildFile; fileRef = 4136DB241D59C9AA0030A685 /* Main.storyboard */; };
		4136DB2D1D59C9AA0030A685 /* Seeker.storyboard in Resources */ = {isa = PBXBuildFile; fileRef = 4136DB251D59C9AA0030A685 /* Seeker.storyboard */; };
		4136DB2E1D59C9AA0030A685 /* Provider.storyboard in Resources */ = {isa = PBXBuildFile; fileRef = 4136DB261D59C9AA0030A685 /* Provider.storyboard */; };
		4136DB2F1D59C9AA0030A685 /* WorkingHoursCell.swift in Sources */ = {isa = PBXBuildFile; fileRef = 4136DB271D59C9AA0030A685 /* WorkingHoursCell.swift */; };
		4136DB301D59C9AA0030A685 /* LaunchScreen.storyboard in Resources */ = {isa = PBXBuildFile; fileRef = 4136DB281D59C9AA0030A685 /* LaunchScreen.storyboard */; };
		4136DB311D59C9AA0030A685 /* Assets.xcassets in Resources */ = {isa = PBXBuildFile; fileRef = 4136DB291D59C9AA0030A685 /* Assets.xcassets */; };
		4136DB351D59C9FD0030A685 /* iCarousel.m in Sources */ = {isa = PBXBuildFile; fileRef = 4136DB341D59C9FD0030A685 /* iCarousel.m */; };
		4136DB381D59CA070030A685 /* SCLAlertView.swift in Sources */ = {isa = PBXBuildFile; fileRef = 4136DB361D59CA070030A685 /* SCLAlertView.swift */; };
		4136DB391D59CA070030A685 /* SCLExtensions.swift in Sources */ = {isa = PBXBuildFile; fileRef = 4136DB371D59CA070030A685 /* SCLExtensions.swift */; };
		4136DB3B1D59CA280030A685 /* AppDelegate.swift in Sources */ = {isa = PBXBuildFile; fileRef = 4136DB3A1D59CA280030A685 /* AppDelegate.swift */; };
		4136DB3D1D59CA4F0030A685 /* countries.txt in Resources */ = {isa = PBXBuildFile; fileRef = 4136DB3C1D59CA4F0030A685 /* countries.txt */; };
		4136DB4B1D59CAB50030A685 /* ServicesVC.swift in Sources */ = {isa = PBXBuildFile; fileRef = 4136DB411D59CAB50030A685 /* ServicesVC.swift */; };
		4136DB4C1D59CAB50030A685 /* ProfileVC.swift in Sources */ = {isa = PBXBuildFile; fileRef = 4136DB421D59CAB50030A685 /* ProfileVC.swift */; };
		4136DB4D1D59CAB50030A685 /* OfferedServicesVC.swift in Sources */ = {isa = PBXBuildFile; fileRef = 4136DB431D59CAB50030A685 /* OfferedServicesVC.swift */; };
		4136DB4E1D59CAB50030A685 /* DetailedPredefinedServiceVC.swift in Sources */ = {isa = PBXBuildFile; fileRef = 4136DB441D59CAB50030A685 /* DetailedPredefinedServiceVC.swift */; };
		4136DB4F1D59CAB50030A685 /* addPredefinedService.swift in Sources */ = {isa = PBXBuildFile; fileRef = 4136DB451D59CAB50030A685 /* addPredefinedService.swift */; };
		4136DB501D59CAB50030A685 /* EditProfileVC.swift in Sources */ = {isa = PBXBuildFile; fileRef = 4136DB461D59CAB50030A685 /* EditProfileVC.swift */; };
		4136DB511D59CAB50030A685 /* AvailableServiceHoursVC.swift in Sources */ = {isa = PBXBuildFile; fileRef = 4136DB471D59CAB50030A685 /* AvailableServiceHoursVC.swift */; };
		4136DB521D59CAB50030A685 /* AvailableServiceDaysVC.swift in Sources */ = {isa = PBXBuildFile; fileRef = 4136DB481D59CAB50030A685 /* AvailableServiceDaysVC.swift */; };
		4136DB531D59CAB50030A685 /* ImagePreview.swift in Sources */ = {isa = PBXBuildFile; fileRef = 4136DB491D59CAB50030A685 /* ImagePreview.swift */; };
		4136DB541D59CAB50030A685 /* WorkingOnVC.swift in Sources */ = {isa = PBXBuildFile; fileRef = 4136DB4A1D59CAB50030A685 /* WorkingOnVC.swift */; };
		4136DB581D59CACA0030A685 /* SeekerFeedVC.swift in Sources */ = {isa = PBXBuildFile; fileRef = 4136DB561D59CACA0030A685 /* SeekerFeedVC.swift */; };
		4136DB591D59CACA0030A685 /* SeekerDetailedPredefinedServiceVC.swift in Sources */ = {isa = PBXBuildFile; fileRef = 4136DB571D59CACA0030A685 /* SeekerDetailedPredefinedServiceVC.swift */; };
		4136DB5E1D59CAE30030A685 /* WelcomeVC.swift in Sources */ = {isa = PBXBuildFile; fileRef = 4136DB5B1D59CAE30030A685 /* WelcomeVC.swift */; };
		4136DB5F1D59CAE30030A685 /* SignUpVC.swift in Sources */ = {isa = PBXBuildFile; fileRef = 4136DB5C1D59CAE30030A685 /* SignUpVC.swift */; };
		4136DB601D59CAE30030A685 /* LoginVC.swift in Sources */ = {isa = PBXBuildFile; fileRef = 4136DB5D1D59CAE30030A685 /* LoginVC.swift */; };
		4136DB6D1D59CB060030A685 /* CircularImageView.swift in Sources */ = {isa = PBXBuildFile; fileRef = 4136DB621D59CB060030A685 /* CircularImageView.swift */; };
		4136DB6E1D59CB060030A685 /* CustomSegmentedControl.swift in Sources */ = {isa = PBXBuildFile; fileRef = 4136DB631D59CB060030A685 /* CustomSegmentedControl.swift */; };
		4136DB6F1D59CB060030A685 /* Extensions.swift in Sources */ = {isa = PBXBuildFile; fileRef = 4136DB641D59CB060030A685 /* Extensions.swift */; };
		4136DB701D59CB060030A685 /* Reachability.swift in Sources */ = {isa = PBXBuildFile; fileRef = 4136DB651D59CB060030A685 /* Reachability.swift */; };
		4136DB711D59CB060030A685 /* TimeIntervalManager.swift in Sources */ = {isa = PBXBuildFile; fileRef = 4136DB661D59CB060030A685 /* TimeIntervalManager.swift */; };
		4136DB721D59CB060030A685 /* customTextView.swift in Sources */ = {isa = PBXBuildFile; fileRef = 4136DB671D59CB060030A685 /* customTextView.swift */; };
		4136DB731D59CB060030A685 /* CustomSearchController.swift in Sources */ = {isa = PBXBuildFile; fileRef = 4136DB681D59CB060030A685 /* CustomSearchController.swift */; };
		4136DB741D59CB060030A685 /* CustomSearchBar.swift in Sources */ = {isa = PBXBuildFile; fileRef = 4136DB691D59CB060030A685 /* CustomSearchBar.swift */; };
		4136DB751D59CB060030A685 /* PredefinedServicesCell.swift in Sources */ = {isa = PBXBuildFile; fileRef = 4136DB6A1D59CB060030A685 /* PredefinedServicesCell.swift */; };
		4136DB761D59CB060030A685 /* RequestedServiceCell.swift in Sources */ = {isa = PBXBuildFile; fileRef = 4136DB6B1D59CB060030A685 /* RequestedServiceCell.swift */; };
		4136DB771D59CB060030A685 /* ErrorButton.swift in Sources */ = {isa = PBXBuildFile; fileRef = 4136DB6C1D59CB060030A685 /* ErrorButton.swift */; };
		4136DB791D5A510F0030A685 /* RequestedServicesVC.swift in Sources */ = {isa = PBXBuildFile; fileRef = 4136DB781D5A510F0030A685 /* RequestedServicesVC.swift */; };
		4136DB7B1D5B19F80030A685 /* CategoriesVC.swift in Sources */ = {isa = PBXBuildFile; fileRef = 4136DB7A1D5B19F80030A685 /* CategoriesVC.swift */; };
		414777701D5E58460097D34D /* Empty.xib in Resources */ = {isa = PBXBuildFile; fileRef = 4147776F1D5E58450097D34D /* Empty.xib */; };
		5F93EA9111551AC7F07222B9 /* Pods_Capstone_Project.framework in Frameworks */ = {isa = PBXBuildFile; fileRef = 9A1262E72DABFBDAC57CAA06 /* Pods_Capstone_Project.framework */; };
/* End PBXBuildFile section */

/* Begin PBXFileReference section */
		26287226B2656FFFE3435268 /* Pods-Capstone-Project.release.xcconfig */ = {isa = PBXFileReference; includeInIndex = 1; lastKnownFileType = text.xcconfig; name = "Pods-Capstone-Project.release.xcconfig"; path = "Pods/Target Support Files/Pods-Capstone-Project/Pods-Capstone-Project.release.xcconfig"; sourceTree = "<group>"; };
		4136DB0B1D59C81E0030A685 /* Capstone-Project.app */ = {isa = PBXFileReference; explicitFileType = wrapper.application; includeInIndex = 0; path = "Capstone-Project.app"; sourceTree = BUILT_PRODUCTS_DIR; };
		4136DB1A1D59C81F0030A685 /* Info.plist */ = {isa = PBXFileReference; lastKnownFileType = text.plist.xml; path = Info.plist; sourceTree = "<group>"; };
		4136DB211D59C9A80030A685 /* Capstone-Project-Bridging-Header.h */ = {isa = PBXFileReference; lastKnownFileType = sourcecode.c.h; path = "Capstone-Project-Bridging-Header.h"; sourceTree = "<group>"; };
		4136DB221D59C9AA0030A685 /* predefinedServiceCell.xib */ = {isa = PBXFileReference; fileEncoding = 4; lastKnownFileType = file.xib; path = predefinedServiceCell.xib; sourceTree = "<group>"; };
		4136DB231D59C9AA0030A685 /* WorkingOnServiceCell.xib */ = {isa = PBXFileReference; fileEncoding = 4; lastKnownFileType = file.xib; path = WorkingOnServiceCell.xib; sourceTree = "<group>"; };
		4136DB241D59C9AA0030A685 /* Main.storyboard */ = {isa = PBXFileReference; fileEncoding = 4; lastKnownFileType = file.storyboard; path = Main.storyboard; sourceTree = "<group>"; };
		4136DB251D59C9AA0030A685 /* Seeker.storyboard */ = {isa = PBXFileReference; fileEncoding = 4; lastKnownFileType = file.storyboard; path = Seeker.storyboard; sourceTree = "<group>"; };
		4136DB261D59C9AA0030A685 /* Provider.storyboard */ = {isa = PBXFileReference; fileEncoding = 4; lastKnownFileType = file.storyboard; path = Provider.storyboard; sourceTree = "<group>"; };
		4136DB271D59C9AA0030A685 /* WorkingHoursCell.swift */ = {isa = PBXFileReference; fileEncoding = 4; lastKnownFileType = sourcecode.swift; path = WorkingHoursCell.swift; sourceTree = "<group>"; };
		4136DB281D59C9AA0030A685 /* LaunchScreen.storyboard */ = {isa = PBXFileReference; fileEncoding = 4; lastKnownFileType = file.storyboard; path = LaunchScreen.storyboard; sourceTree = "<group>"; };
		4136DB291D59C9AA0030A685 /* Assets.xcassets */ = {isa = PBXFileReference; lastKnownFileType = folder.assetcatalog; path = Assets.xcassets; sourceTree = "<group>"; };
		4136DB331D59C9FD0030A685 /* iCarousel.h */ = {isa = PBXFileReference; fileEncoding = 4; lastKnownFileType = sourcecode.c.h; path = iCarousel.h; sourceTree = "<group>"; };
		4136DB341D59C9FD0030A685 /* iCarousel.m */ = {isa = PBXFileReference; fileEncoding = 4; lastKnownFileType = sourcecode.c.objc; path = iCarousel.m; sourceTree = "<group>"; };
		4136DB361D59CA070030A685 /* SCLAlertView.swift */ = {isa = PBXFileReference; fileEncoding = 4; lastKnownFileType = sourcecode.swift; path = SCLAlertView.swift; sourceTree = "<group>"; };
		4136DB371D59CA070030A685 /* SCLExtensions.swift */ = {isa = PBXFileReference; fileEncoding = 4; lastKnownFileType = sourcecode.swift; path = SCLExtensions.swift; sourceTree = "<group>"; };
		4136DB3A1D59CA280030A685 /* AppDelegate.swift */ = {isa = PBXFileReference; fileEncoding = 4; lastKnownFileType = sourcecode.swift; path = AppDelegate.swift; sourceTree = "<group>"; };
		4136DB3C1D59CA4F0030A685 /* countries.txt */ = {isa = PBXFileReference; fileEncoding = 4; lastKnownFileType = text; path = countries.txt; sourceTree = "<group>"; };
		4136DB411D59CAB50030A685 /* ServicesVC.swift */ = {isa = PBXFileReference; fileEncoding = 4; lastKnownFileType = sourcecode.swift; path = ServicesVC.swift; sourceTree = "<group>"; };
		4136DB421D59CAB50030A685 /* ProfileVC.swift */ = {isa = PBXFileReference; fileEncoding = 4; lastKnownFileType = sourcecode.swift; path = ProfileVC.swift; sourceTree = "<group>"; };
		4136DB431D59CAB50030A685 /* OfferedServicesVC.swift */ = {isa = PBXFileReference; fileEncoding = 4; lastKnownFileType = sourcecode.swift; path = OfferedServicesVC.swift; sourceTree = "<group>"; };
		4136DB441D59CAB50030A685 /* DetailedPredefinedServiceVC.swift */ = {isa = PBXFileReference; fileEncoding = 4; lastKnownFileType = sourcecode.swift; path = DetailedPredefinedServiceVC.swift; sourceTree = "<group>"; };
		4136DB451D59CAB50030A685 /* addPredefinedService.swift */ = {isa = PBXFileReference; fileEncoding = 4; lastKnownFileType = sourcecode.swift; path = addPredefinedService.swift; sourceTree = "<group>"; };
		4136DB461D59CAB50030A685 /* EditProfileVC.swift */ = {isa = PBXFileReference; fileEncoding = 4; lastKnownFileType = sourcecode.swift; path = EditProfileVC.swift; sourceTree = "<group>"; };
		4136DB471D59CAB50030A685 /* AvailableServiceHoursVC.swift */ = {isa = PBXFileReference; fileEncoding = 4; lastKnownFileType = sourcecode.swift; path = AvailableServiceHoursVC.swift; sourceTree = "<group>"; };
		4136DB481D59CAB50030A685 /* AvailableServiceDaysVC.swift */ = {isa = PBXFileReference; fileEncoding = 4; lastKnownFileType = sourcecode.swift; path = AvailableServiceDaysVC.swift; sourceTree = "<group>"; };
		4136DB491D59CAB50030A685 /* ImagePreview.swift */ = {isa = PBXFileReference; fileEncoding = 4; lastKnownFileType = sourcecode.swift; path = ImagePreview.swift; sourceTree = "<group>"; };
		4136DB4A1D59CAB50030A685 /* WorkingOnVC.swift */ = {isa = PBXFileReference; fileEncoding = 4; lastKnownFileType = sourcecode.swift; path = WorkingOnVC.swift; sourceTree = "<group>"; };
		4136DB561D59CACA0030A685 /* SeekerFeedVC.swift */ = {isa = PBXFileReference; fileEncoding = 4; lastKnownFileType = sourcecode.swift; path = SeekerFeedVC.swift; sourceTree = "<group>"; };
		4136DB571D59CACA0030A685 /* SeekerDetailedPredefinedServiceVC.swift */ = {isa = PBXFileReference; fileEncoding = 4; lastKnownFileType = sourcecode.swift; path = SeekerDetailedPredefinedServiceVC.swift; sourceTree = "<group>"; };
		4136DB5B1D59CAE30030A685 /* WelcomeVC.swift */ = {isa = PBXFileReference; fileEncoding = 4; lastKnownFileType = sourcecode.swift; path = WelcomeVC.swift; sourceTree = "<group>"; };
		4136DB5C1D59CAE30030A685 /* SignUpVC.swift */ = {isa = PBXFileReference; fileEncoding = 4; lastKnownFileType = sourcecode.swift; path = SignUpVC.swift; sourceTree = "<group>"; };
		4136DB5D1D59CAE30030A685 /* LoginVC.swift */ = {isa = PBXFileReference; fileEncoding = 4; lastKnownFileType = sourcecode.swift; path = LoginVC.swift; sourceTree = "<group>"; };
		4136DB621D59CB060030A685 /* CircularImageView.swift */ = {isa = PBXFileReference; fileEncoding = 4; lastKnownFileType = sourcecode.swift; path = CircularImageView.swift; sourceTree = "<group>"; };
		4136DB631D59CB060030A685 /* CustomSegmentedControl.swift */ = {isa = PBXFileReference; fileEncoding = 4; lastKnownFileType = sourcecode.swift; path = CustomSegmentedControl.swift; sourceTree = "<group>"; };
		4136DB641D59CB060030A685 /* Extensions.swift */ = {isa = PBXFileReference; fileEncoding = 4; lastKnownFileType = sourcecode.swift; path = Extensions.swift; sourceTree = "<group>"; };
		4136DB651D59CB060030A685 /* Reachability.swift */ = {isa = PBXFileReference; fileEncoding = 4; lastKnownFileType = sourcecode.swift; path = Reachability.swift; sourceTree = "<group>"; };
		4136DB661D59CB060030A685 /* TimeIntervalManager.swift */ = {isa = PBXFileReference; fileEncoding = 4; lastKnownFileType = sourcecode.swift; path = TimeIntervalManager.swift; sourceTree = "<group>"; };
		4136DB671D59CB060030A685 /* customTextView.swift */ = {isa = PBXFileReference; fileEncoding = 4; lastKnownFileType = sourcecode.swift; path = customTextView.swift; sourceTree = "<group>"; };
		4136DB681D59CB060030A685 /* CustomSearchController.swift */ = {isa = PBXFileReference; fileEncoding = 4; lastKnownFileType = sourcecode.swift; path = CustomSearchController.swift; sourceTree = "<group>"; };
		4136DB691D59CB060030A685 /* CustomSearchBar.swift */ = {isa = PBXFileReference; fileEncoding = 4; lastKnownFileType = sourcecode.swift; path = CustomSearchBar.swift; sourceTree = "<group>"; };
		4136DB6A1D59CB060030A685 /* PredefinedServicesCell.swift */ = {isa = PBXFileReference; fileEncoding = 4; lastKnownFileType = sourcecode.swift; path = PredefinedServicesCell.swift; sourceTree = "<group>"; };
		4136DB6B1D59CB060030A685 /* RequestedServiceCell.swift */ = {isa = PBXFileReference; fileEncoding = 4; lastKnownFileType = sourcecode.swift; path = RequestedServiceCell.swift; sourceTree = "<group>"; };
		4136DB6C1D59CB060030A685 /* ErrorButton.swift */ = {isa = PBXFileReference; fileEncoding = 4; lastKnownFileType = sourcecode.swift; path = ErrorButton.swift; sourceTree = "<group>"; };
		4136DB781D5A510F0030A685 /* RequestedServicesVC.swift */ = {isa = PBXFileReference; fileEncoding = 4; lastKnownFileType = sourcecode.swift; path = RequestedServicesVC.swift; sourceTree = "<group>"; };
		4136DB7A1D5B19F80030A685 /* CategoriesVC.swift */ = {isa = PBXFileReference; fileEncoding = 4; lastKnownFileType = sourcecode.swift; path = CategoriesVC.swift; sourceTree = "<group>"; };
		4147776F1D5E58450097D34D /* Empty.xib */ = {isa = PBXFileReference; fileEncoding = 4; lastKnownFileType = file.xib; path = Empty.xib; sourceTree = "<group>"; };
		9A1262E72DABFBDAC57CAA06 /* Pods_Capstone_Project.framework */ = {isa = PBXFileReference; explicitFileType = wrapper.framework; includeInIndex = 0; path = Pods_Capstone_Project.framework; sourceTree = BUILT_PRODUCTS_DIR; };
		D2697E035B9466973F2B46CC /* Pods-Capstone-Project.debug.xcconfig */ = {isa = PBXFileReference; includeInIndex = 1; lastKnownFileType = text.xcconfig; name = "Pods-Capstone-Project.debug.xcconfig"; path = "Pods/Target Support Files/Pods-Capstone-Project/Pods-Capstone-Project.debug.xcconfig"; sourceTree = "<group>"; };
/* End PBXFileReference section */

/* Begin PBXFrameworksBuildPhase section */
		4136DB081D59C81E0030A685 /* Frameworks */ = {
			isa = PBXFrameworksBuildPhase;
			buildActionMask = 2147483647;
			files = (
				5F93EA9111551AC7F07222B9 /* Pods_Capstone_Project.framework in Frameworks */,
			);
			runOnlyForDeploymentPostprocessing = 0;
		};
/* End PBXFrameworksBuildPhase section */

/* Begin PBXGroup section */
		3D5864D58EAF2B2F60D31A2A /* Pods */ = {
			isa = PBXGroup;
			children = (
				D2697E035B9466973F2B46CC /* Pods-Capstone-Project.debug.xcconfig */,
				26287226B2656FFFE3435268 /* Pods-Capstone-Project.release.xcconfig */,
			);
			name = Pods;
			sourceTree = "<group>";
		};
		4136DB021D59C81E0030A685 = {
			isa = PBXGroup;
			children = (
				4136DB0D1D59C81E0030A685 /* Capstone-Project */,
				4136DB0C1D59C81E0030A685 /* Products */,
				3D5864D58EAF2B2F60D31A2A /* Pods */,
				A33EEA900EE29FC04B400589 /* Frameworks */,
			);
			sourceTree = "<group>";
		};
		4136DB0C1D59C81E0030A685 /* Products */ = {
			isa = PBXGroup;
			children = (
				4136DB0B1D59C81E0030A685 /* Capstone-Project.app */,
			);
			name = Products;
			sourceTree = "<group>";
		};
		4136DB0D1D59C81E0030A685 /* Capstone-Project */ = {
			isa = PBXGroup;
			children = (
				4136DB3C1D59CA4F0030A685 /* countries.txt */,
				4136DB201D59C9950030A685 /* Views */,
				4136DB3F1D59CA6D0030A685 /* Controllers */,
				4136DB611D59CAF80030A685 /* Models */,
				4136DB321D59C9EE0030A685 /* Supporting Files */,
			);
			path = "Capstone-Project";
			sourceTree = "<group>";
		};
		4136DB201D59C9950030A685 /* Views */ = {
			isa = PBXGroup;
			children = (
				4136DB221D59C9AA0030A685 /* predefinedServiceCell.xib */,
				4136DB231D59C9AA0030A685 /* WorkingOnServiceCell.xib */,
				4136DB241D59C9AA0030A685 /* Main.storyboard */,
				4136DB251D59C9AA0030A685 /* Seeker.storyboard */,
				4136DB261D59C9AA0030A685 /* Provider.storyboard */,
				4136DB271D59C9AA0030A685 /* WorkingHoursCell.swift */,
				4136DB281D59C9AA0030A685 /* LaunchScreen.storyboard */,
				4136DB291D59C9AA0030A685 /* Assets.xcassets */,
				4147776F1D5E58450097D34D /* Empty.xib */,
			);
			name = Views;
			sourceTree = "<group>";
		};
		4136DB321D59C9EE0030A685 /* Supporting Files */ = {
			isa = PBXGroup;
			children = (
				4136DB1A1D59C81F0030A685 /* Info.plist */,
				4136DB361D59CA070030A685 /* SCLAlertView.swift */,
				4136DB371D59CA070030A685 /* SCLExtensions.swift */,
				4136DB331D59C9FD0030A685 /* iCarousel.h */,
				4136DB341D59C9FD0030A685 /* iCarousel.m */,
				4136DB3A1D59CA280030A685 /* AppDelegate.swift */,
				4136DB211D59C9A80030A685 /* Capstone-Project-Bridging-Header.h */,
			);
			name = "Supporting Files";
			sourceTree = "<group>";
		};
		4136DB3F1D59CA6D0030A685 /* Controllers */ = {
			isa = PBXGroup;
			children = (
				4136DB5A1D59CAD50030A685 /* Main */,
				4136DB551D59CABB0030A685 /* Seeker */,
				4136DB401D59CA780030A685 /* Provider */,
			);
			name = Controllers;
			sourceTree = "<group>";
		};
		4136DB401D59CA780030A685 /* Provider */ = {
			isa = PBXGroup;
			children = (
				4136DB421D59CAB50030A685 /* ProfileVC.swift */,
				4136DB461D59CAB50030A685 /* EditProfileVC.swift */,
				4136DB7A1D5B19F80030A685 /* CategoriesVC.swift */,
				4136DB411D59CAB50030A685 /* ServicesVC.swift */,
				4136DB781D5A510F0030A685 /* RequestedServicesVC.swift */,
				4136DB4A1D59CAB50030A685 /* WorkingOnVC.swift */,
				4136DB431D59CAB50030A685 /* OfferedServicesVC.swift */,
				4136DB441D59CAB50030A685 /* DetailedPredefinedServiceVC.swift */,
				4136DB451D59CAB50030A685 /* addPredefinedService.swift */,
				4136DB471D59CAB50030A685 /* AvailableServiceHoursVC.swift */,
				4136DB481D59CAB50030A685 /* AvailableServiceDaysVC.swift */,
				4136DB491D59CAB50030A685 /* ImagePreview.swift */,
			);
			name = Provider;
			sourceTree = "<group>";
		};
		4136DB551D59CABB0030A685 /* Seeker */ = {
			isa = PBXGroup;
			children = (
				4136DB561D59CACA0030A685 /* SeekerFeedVC.swift */,
				4136DB571D59CACA0030A685 /* SeekerDetailedPredefinedServiceVC.swift */,
			);
			name = Seeker;
			sourceTree = "<group>";
		};
		4136DB5A1D59CAD50030A685 /* Main */ = {
			isa = PBXGroup;
			children = (
				4136DB5B1D59CAE30030A685 /* WelcomeVC.swift */,
				4136DB5C1D59CAE30030A685 /* SignUpVC.swift */,
				4136DB5D1D59CAE30030A685 /* LoginVC.swift */,
			);
			name = Main;
			sourceTree = "<group>";
		};
		4136DB611D59CAF80030A685 /* Models */ = {
			isa = PBXGroup;
			children = (
				4136DB621D59CB060030A685 /* CircularImageView.swift */,
				4136DB631D59CB060030A685 /* CustomSegmentedControl.swift */,
				4136DB641D59CB060030A685 /* Extensions.swift */,
				4136DB651D59CB060030A685 /* Reachability.swift */,
				4136DB661D59CB060030A685 /* TimeIntervalManager.swift */,
				4136DB671D59CB060030A685 /* customTextView.swift */,
				4136DB681D59CB060030A685 /* CustomSearchController.swift */,
				4136DB691D59CB060030A685 /* CustomSearchBar.swift */,
				4136DB6A1D59CB060030A685 /* PredefinedServicesCell.swift */,
				4136DB6B1D59CB060030A685 /* RequestedServiceCell.swift */,
				4136DB6C1D59CB060030A685 /* ErrorButton.swift */,
			);
			name = Models;
			sourceTree = "<group>";
		};
		A33EEA900EE29FC04B400589 /* Frameworks */ = {
			isa = PBXGroup;
			children = (
				9A1262E72DABFBDAC57CAA06 /* Pods_Capstone_Project.framework */,
			);
			name = Frameworks;
			sourceTree = "<group>";
		};
/* End PBXGroup section */

/* Begin PBXNativeTarget section */
		4136DB0A1D59C81E0030A685 /* Capstone-Project */ = {
			isa = PBXNativeTarget;
			buildConfigurationList = 4136DB1D1D59C81F0030A685 /* Build configuration list for PBXNativeTarget "Capstone-Project" */;
			buildPhases = (
				60588284888F43E57B4DD9A8 /* 📦 Check Pods Manifest.lock */,
				4136DB071D59C81E0030A685 /* Sources */,
				4136DB081D59C81E0030A685 /* Frameworks */,
				4136DB091D59C81E0030A685 /* Resources */,
				35E1118E370D35CC40AB574F /* 📦 Embed Pods Frameworks */,
				CC3D07F5D1CC5ACBA04EAED7 /* 📦 Copy Pods Resources */,
			);
			buildRules = (
			);
			dependencies = (
			);
			name = "Capstone-Project";
			productName = "Capstone-Project";
			productReference = 4136DB0B1D59C81E0030A685 /* Capstone-Project.app */;
			productType = "com.apple.product-type.application";
		};
/* End PBXNativeTarget section */

/* Begin PBXProject section */
		4136DB031D59C81E0030A685 /* Project object */ = {
			isa = PBXProject;
			attributes = {
				LastSwiftUpdateCheck = 0730;
				LastUpgradeCheck = 0730;
				ORGANIZATIONNAME = "Ali Alebrahim";
				TargetAttributes = {
					4136DB0A1D59C81E0030A685 = {
						CreatedOnToolsVersion = 7.3.1;
						DevelopmentTeam = D7FY5S7KQL;
					};
				};
			};
			buildConfigurationList = 4136DB061D59C81E0030A685 /* Build configuration list for PBXProject "Capstone-Project" */;
			compatibilityVersion = "Xcode 3.2";
			developmentRegion = English;
			hasScannedForEncodings = 0;
			knownRegions = (
				en,
				Base,
			);
			mainGroup = 4136DB021D59C81E0030A685;
			productRefGroup = 4136DB0C1D59C81E0030A685 /* Products */;
			projectDirPath = "";
			projectRoot = "";
			targets = (
				4136DB0A1D59C81E0030A685 /* Capstone-Project */,
			);
		};
/* End PBXProject section */

/* Begin PBXResourcesBuildPhase section */
		4136DB091D59C81E0030A685 /* Resources */ = {
			isa = PBXResourcesBuildPhase;
			buildActionMask = 2147483647;
			files = (
				4136DB2C1D59C9AA0030A685 /* Main.storyboard in Resources */,
				4136DB2B1D59C9AA0030A685 /* WorkingOnServiceCell.xib in Resources */,
				4136DB2E1D59C9AA0030A685 /* Provider.storyboard in Resources */,
				414777701D5E58460097D34D /* Empty.xib in Resources */,
				4136DB301D59C9AA0030A685 /* LaunchScreen.storyboard in Resources */,
				4136DB311D59C9AA0030A685 /* Assets.xcassets in Resources */,
				4136DB2A1D59C9AA0030A685 /* predefinedServiceCell.xib in Resources */,
				4136DB2D1D59C9AA0030A685 /* Seeker.storyboard in Resources */,
				4136DB3D1D59CA4F0030A685 /* countries.txt in Resources */,
			);
			runOnlyForDeploymentPostprocessing = 0;
		};
/* End PBXResourcesBuildPhase section */

/* Begin PBXShellScriptBuildPhase section */
		35E1118E370D35CC40AB574F /* 📦 Embed Pods Frameworks */ = {
			isa = PBXShellScriptBuildPhase;
			buildActionMask = 2147483647;
			files = (
			);
			inputPaths = (
			);
			name = "📦 Embed Pods Frameworks";
			outputPaths = (
			);
			runOnlyForDeploymentPostprocessing = 0;
			shellPath = /bin/sh;
			shellScript = "\"${SRCROOT}/Pods/Target Support Files/Pods-Capstone-Project/Pods-Capstone-Project-frameworks.sh\"\n";
			showEnvVarsInLog = 0;
		};
		60588284888F43E57B4DD9A8 /* 📦 Check Pods Manifest.lock */ = {
			isa = PBXShellScriptBuildPhase;
			buildActionMask = 2147483647;
			files = (
			);
			inputPaths = (
			);
			name = "📦 Check Pods Manifest.lock";
			outputPaths = (
			);
			runOnlyForDeploymentPostprocessing = 0;
			shellPath = /bin/sh;
			shellScript = "diff \"${PODS_ROOT}/../Podfile.lock\" \"${PODS_ROOT}/Manifest.lock\" > /dev/null\nif [[ $? != 0 ]] ; then\n    cat << EOM\nerror: The sandbox is not in sync with the Podfile.lock. Run 'pod install' or update your CocoaPods installation.\nEOM\n    exit 1\nfi\n";
			showEnvVarsInLog = 0;
		};
		CC3D07F5D1CC5ACBA04EAED7 /* 📦 Copy Pods Resources */ = {
			isa = PBXShellScriptBuildPhase;
			buildActionMask = 2147483647;
			files = (
			);
			inputPaths = (
			);
			name = "📦 Copy Pods Resources";
			outputPaths = (
			);
			runOnlyForDeploymentPostprocessing = 0;
			shellPath = /bin/sh;
			shellScript = "\"${SRCROOT}/Pods/Target Support Files/Pods-Capstone-Project/Pods-Capstone-Project-resources.sh\"\n";
			showEnvVarsInLog = 0;
		};
/* End PBXShellScriptBuildPhase section */

/* Begin PBXSourcesBuildPhase section */
		4136DB071D59C81E0030A685 /* Sources */ = {
			isa = PBXSourcesBuildPhase;
			buildActionMask = 2147483647;
			files = (
				4136DB771D59CB060030A685 /* ErrorButton.swift in Sources */,
				4136DB6F1D59CB060030A685 /* Extensions.swift in Sources */,
				4136DB4D1D59CAB50030A685 /* OfferedServicesVC.swift in Sources */,
				4136DB791D5A510F0030A685 /* RequestedServicesVC.swift in Sources */,
				4136DB4C1D59CAB50030A685 /* ProfileVC.swift in Sources */,
				4136DB4B1D59CAB50030A685 /* ServicesVC.swift in Sources */,
				4136DB391D59CA070030A685 /* SCLExtensions.swift in Sources */,
				4136DB531D59CAB50030A685 /* ImagePreview.swift in Sources */,
				4136DB751D59CB060030A685 /* PredefinedServicesCell.swift in Sources */,
				4136DB2F1D59C9AA0030A685 /* WorkingHoursCell.swift in Sources */,
				4136DB381D59CA070030A685 /* SCLAlertView.swift in Sources */,
				4136DB711D59CB060030A685 /* TimeIntervalManager.swift in Sources */,
				4136DB761D59CB060030A685 /* RequestedServiceCell.swift in Sources */,
				4136DB6E1D59CB060030A685 /* CustomSegmentedControl.swift in Sources */,
				4136DB5F1D59CAE30030A685 /* SignUpVC.swift in Sources */,
				4136DB501D59CAB50030A685 /* EditProfileVC.swift in Sources */,
				4136DB4E1D59CAB50030A685 /* DetailedPredefinedServiceVC.swift in Sources */,
				4136DB7B1D5B19F80030A685 /* CategoriesVC.swift in Sources */,
				4136DB591D59CACA0030A685 /* SeekerDetailedPredefinedServiceVC.swift in Sources */,
				4136DB741D59CB060030A685 /* CustomSearchBar.swift in Sources */,
				4136DB581D59CACA0030A685 /* SeekerFeedVC.swift in Sources */,
				4136DB731D59CB060030A685 /* CustomSearchController.swift in Sources */,
				4136DB701D59CB060030A685 /* Reachability.swift in Sources */,
				4136DB511D59CAB50030A685 /* AvailableServiceHoursVC.swift in Sources */,
				4136DB3B1D59CA280030A685 /* AppDelegate.swift in Sources */,
				4136DB601D59CAE30030A685 /* LoginVC.swift in Sources */,
				4136DB541D59CAB50030A685 /* WorkingOnVC.swift in Sources */,
				4136DB6D1D59CB060030A685 /* CircularImageView.swift in Sources */,
				4136DB351D59C9FD0030A685 /* iCarousel.m in Sources */,
				4136DB721D59CB060030A685 /* customTextView.swift in Sources */,
				4136DB5E1D59CAE30030A685 /* WelcomeVC.swift in Sources */,
				4136DB4F1D59CAB50030A685 /* addPredefinedService.swift in Sources */,
				4136DB521D59CAB50030A685 /* AvailableServiceDaysVC.swift in Sources */,
			);
			runOnlyForDeploymentPostprocessing = 0;
		};
/* End PBXSourcesBuildPhase section */

/* Begin XCBuildConfiguration section */
		4136DB1B1D59C81F0030A685 /* Debug */ = {
			isa = XCBuildConfiguration;
			buildSettings = {
				ALWAYS_SEARCH_USER_PATHS = NO;
				CLANG_ANALYZER_NONNULL = YES;
				CLANG_CXX_LANGUAGE_STANDARD = "gnu++0x";
				CLANG_CXX_LIBRARY = "libc++";
				CLANG_ENABLE_MODULES = YES;
				CLANG_ENABLE_OBJC_ARC = YES;
				CLANG_WARN_BOOL_CONVERSION = YES;
				CLANG_WARN_CONSTANT_CONVERSION = YES;
				CLANG_WARN_DIRECT_OBJC_ISA_USAGE = YES_ERROR;
				CLANG_WARN_EMPTY_BODY = YES;
				CLANG_WARN_ENUM_CONVERSION = YES;
				CLANG_WARN_INT_CONVERSION = YES;
				CLANG_WARN_OBJC_ROOT_CLASS = YES_ERROR;
				CLANG_WARN_UNREACHABLE_CODE = YES;
				CLANG_WARN__DUPLICATE_METHOD_MATCH = YES;
				"CODE_SIGN_IDENTITY[sdk=iphoneos*]" = "iPhone Developer";
				COPY_PHASE_STRIP = NO;
				DEBUG_INFORMATION_FORMAT = dwarf;
				ENABLE_STRICT_OBJC_MSGSEND = YES;
				ENABLE_TESTABILITY = YES;
				GCC_C_LANGUAGE_STANDARD = gnu99;
				GCC_DYNAMIC_NO_PIC = NO;
				GCC_NO_COMMON_BLOCKS = YES;
				GCC_OPTIMIZATION_LEVEL = 0;
				GCC_PREPROCESSOR_DEFINITIONS = (
					"DEBUG=1",
					"$(inherited)",
				);
				GCC_WARN_64_TO_32_BIT_CONVERSION = YES;
				GCC_WARN_ABOUT_RETURN_TYPE = YES_ERROR;
				GCC_WARN_UNDECLARED_SELECTOR = YES;
				GCC_WARN_UNINITIALIZED_AUTOS = YES_AGGRESSIVE;
				GCC_WARN_UNUSED_FUNCTION = YES;
				GCC_WARN_UNUSED_VARIABLE = YES;
				IPHONEOS_DEPLOYMENT_TARGET = 9.3;
				MTL_ENABLE_DEBUG_INFO = YES;
				ONLY_ACTIVE_ARCH = YES;
				SDKROOT = iphoneos;
				SWIFT_OPTIMIZATION_LEVEL = "-Onone";
			};
			name = Debug;
		};
		4136DB1C1D59C81F0030A685 /* Release */ = {
			isa = XCBuildConfiguration;
			buildSettings = {
				ALWAYS_SEARCH_USER_PATHS = NO;
				CLANG_ANALYZER_NONNULL = YES;
				CLANG_CXX_LANGUAGE_STANDARD = "gnu++0x";
				CLANG_CXX_LIBRARY = "libc++";
				CLANG_ENABLE_MODULES = YES;
				CLANG_ENABLE_OBJC_ARC = YES;
				CLANG_WARN_BOOL_CONVERSION = YES;
				CLANG_WARN_CONSTANT_CONVERSION = YES;
				CLANG_WARN_DIRECT_OBJC_ISA_USAGE = YES_ERROR;
				CLANG_WARN_EMPTY_BODY = YES;
				CLANG_WARN_ENUM_CONVERSION = YES;
				CLANG_WARN_INT_CONVERSION = YES;
				CLANG_WARN_OBJC_ROOT_CLASS = YES_ERROR;
				CLANG_WARN_UNREACHABLE_CODE = YES;
				CLANG_WARN__DUPLICATE_METHOD_MATCH = YES;
				"CODE_SIGN_IDENTITY[sdk=iphoneos*]" = "iPhone Developer";
				COPY_PHASE_STRIP = NO;
				DEBUG_INFORMATION_FORMAT = "dwarf-with-dsym";
				ENABLE_NS_ASSERTIONS = NO;
				ENABLE_STRICT_OBJC_MSGSEND = YES;
				GCC_C_LANGUAGE_STANDARD = gnu99;
				GCC_NO_COMMON_BLOCKS = YES;
				GCC_WARN_64_TO_32_BIT_CONVERSION = YES;
				GCC_WARN_ABOUT_RETURN_TYPE = YES_ERROR;
				GCC_WARN_UNDECLARED_SELECTOR = YES;
				GCC_WARN_UNINITIALIZED_AUTOS = YES_AGGRESSIVE;
				GCC_WARN_UNUSED_FUNCTION = YES;
				GCC_WARN_UNUSED_VARIABLE = YES;
				IPHONEOS_DEPLOYMENT_TARGET = 9.3;
				MTL_ENABLE_DEBUG_INFO = NO;
				SDKROOT = iphoneos;
				VALIDATE_PRODUCT = YES;
			};
			name = Release;
		};
		4136DB1E1D59C81F0030A685 /* Debug */ = {
			isa = XCBuildConfiguration;
			baseConfigurationReference = D2697E035B9466973F2B46CC /* Pods-Capstone-Project.debug.xcconfig */;
			buildSettings = {
				ASSETCATALOG_COMPILER_APPICON_NAME = AppIcon;
				CLANG_ENABLE_MODULES = YES;
				CODE_SIGN_IDENTITY = "iPhone Developer";
				"CODE_SIGN_IDENTITY[sdk=iphoneos*]" = "iPhone Developer";
				INFOPLIST_FILE = "Capstone-Project/Info.plist";
				LD_RUNPATH_SEARCH_PATHS = "$(inherited) @executable_path/Frameworks";
				PRODUCT_BUNDLE_IDENTIFIER = "alebrahim.Capstone-Project";
				PRODUCT_NAME = "$(TARGET_NAME)";
				PROVISIONING_PROFILE = "";
				SWIFT_OBJC_BRIDGING_HEADER = "Capstone-Project/Capstone-Project-Bridging-Header.h";
				SWIFT_OPTIMIZATION_LEVEL = "-Onone";
			};
			name = Debug;
		};
		4136DB1F1D59C81F0030A685 /* Release */ = {
			isa = XCBuildConfiguration;
			baseConfigurationReference = 26287226B2656FFFE3435268 /* Pods-Capstone-Project.release.xcconfig */;
			buildSettings = {
				ASSETCATALOG_COMPILER_APPICON_NAME = AppIcon;
				CLANG_ENABLE_MODULES = YES;
				CODE_SIGN_IDENTITY = "iPhone Developer";
				"CODE_SIGN_IDENTITY[sdk=iphoneos*]" = "iPhone Developer";
				INFOPLIST_FILE = "Capstone-Project/Info.plist";
				LD_RUNPATH_SEARCH_PATHS = "$(inherited) @executable_path/Frameworks";
				PRODUCT_BUNDLE_IDENTIFIER = "alebrahim.Capstone-Project";
				PRODUCT_NAME = "$(TARGET_NAME)";
				PROVISIONING_PROFILE = "";
				SWIFT_OBJC_BRIDGING_HEADER = "Capstone-Project/Capstone-Project-Bridging-Header.h";
			};
			name = Release;
		};
/* End XCBuildConfiguration section */

/* Begin XCConfigurationList section */
		4136DB061D59C81E0030A685 /* Build configuration list for PBXProject "Capstone-Project" */ = {
			isa = XCConfigurationList;
			buildConfigurations = (
				4136DB1B1D59C81F0030A685 /* Debug */,
				4136DB1C1D59C81F0030A685 /* Release */,
			);
			defaultConfigurationIsVisible = 0;
			defaultConfigurationName = Release;
		};
		4136DB1D1D59C81F0030A685 /* Build configuration list for PBXNativeTarget "Capstone-Project" */ = {
			isa = XCConfigurationList;
			buildConfigurations = (
				4136DB1E1D59C81F0030A685 /* Debug */,
				4136DB1F1D59C81F0030A685 /* Release */,
			);
			defaultConfigurationIsVisible = 0;
			defaultConfigurationName = Release;
		};
/* End XCConfigurationList section */
	};
	rootObject = 4136DB031D59C81E0030A685 /* Project object */;
}
